// !$*UTF8*$!
{
	archiveVersion = 1;
	classes = {
	};
	objectVersion = 56;
	objects = {

/* Begin PBXBuildFile section */
		600890852ADD938200914826 /* JSONParsingApp.swift in Sources */ = {isa = PBXBuildFile; fileRef = 600890842ADD938200914826 /* JSONParsingApp.swift */; };
		600890872ADD938200914826 /* ContentView.swift in Sources */ = {isa = PBXBuildFile; fileRef = 600890862ADD938200914826 /* ContentView.swift */; };
		600890892ADD938500914826 /* Assets.xcassets in Resources */ = {isa = PBXBuildFile; fileRef = 600890882ADD938500914826 /* Assets.xcassets */; };
		6008908C2ADD938500914826 /* Preview Assets.xcassets in Resources */ = {isa = PBXBuildFile; fileRef = 6008908B2ADD938500914826 /* Preview Assets.xcassets */; };
		609711D82ADFA41B00827F02 /* example4.json in Resources */ = {isa = PBXBuildFile; fileRef = 609711D72ADFA41B00827F02 /* example4.json */; };
		609711DA2ADFA5E800827F02 /* Event.swift in Sources */ = {isa = PBXBuildFile; fileRef = 609711D92ADFA5E800827F02 /* Event.swift */; };
		609711DC2ADFA7F100827F02 /* EventView.swift in Sources */ = {isa = PBXBuildFile; fileRef = 609711DB2ADFA7F100827F02 /* EventView.swift */; };
		609711DE2ADFE40900827F02 /* FlatColors.json in Resources */ = {isa = PBXBuildFile; fileRef = 609711DD2ADFE40900827F02 /* FlatColors.json */; };
		609711E02ADFE88D00827F02 /* ColorPalette.swift in Sources */ = {isa = PBXBuildFile; fileRef = 609711DF2ADFE88D00827F02 /* ColorPalette.swift */; };
		609711E22ADFF8AC00827F02 /* ColorPaletteView.swift in Sources */ = {isa = PBXBuildFile; fileRef = 609711E12ADFF8AC00827F02 /* ColorPaletteView.swift */; };
		609711E42AE04F0700827F02 /* Books.json in Resources */ = {isa = PBXBuildFile; fileRef = 609711E32AE04F0700827F02 /* Books.json */; };
		609711E62AE0506D00827F02 /* Book.swift in Sources */ = {isa = PBXBuildFile; fileRef = 609711E52AE0506D00827F02 /* Book.swift */; };
		60D716302ADE65B100D8D0D2 /* Person.swift in Sources */ = {isa = PBXBuildFile; fileRef = 60D7162F2ADE65B100D8D0D2 /* Person.swift */; };
		60D716362ADEA79200D8D0D2 /* example1.json in Resources */ = {isa = PBXBuildFile; fileRef = 60D716352ADEA79200D8D0D2 /* example1.json */; };
		60D716382ADEF34900D8D0D2 /* example2.json in Resources */ = {isa = PBXBuildFile; fileRef = 60D716372ADEF34900D8D0D2 /* example2.json */; };
		60D7163A2ADEF5E100D8D0D2 /* example3.json in Resources */ = {isa = PBXBuildFile; fileRef = 60D716392ADEF5E100D8D0D2 /* example3.json */; };
		60D7163C2ADEF62500D8D0D2 /* Family.swift in Sources */ = {isa = PBXBuildFile; fileRef = 60D7163B2ADEF62500D8D0D2 /* Family.swift */; };
/* End PBXBuildFile section */

/* Begin PBXFileReference section */
		600890812ADD938200914826 /* JSONParsing.app */ = {isa = PBXFileReference; explicitFileType = wrapper.application; includeInIndex = 0; path = JSONParsing.app; sourceTree = BUILT_PRODUCTS_DIR; };
		600890842ADD938200914826 /* JSONParsingApp.swift */ = {isa = PBXFileReference; lastKnownFileType = sourcecode.swift; path = JSONParsingApp.swift; sourceTree = "<group>"; };
		600890862ADD938200914826 /* ContentView.swift */ = {isa = PBXFileReference; lastKnownFileType = sourcecode.swift; path = ContentView.swift; sourceTree = "<group>"; };
		600890882ADD938500914826 /* Assets.xcassets */ = {isa = PBXFileReference; lastKnownFileType = folder.assetcatalog; path = Assets.xcassets; sourceTree = "<group>"; };
		6008908B2ADD938500914826 /* Preview Assets.xcassets */ = {isa = PBXFileReference; lastKnownFileType = folder.assetcatalog; path = "Preview Assets.xcassets"; sourceTree = "<group>"; };
		609711D72ADFA41B00827F02 /* example4.json */ = {isa = PBXFileReference; fileEncoding = 4; lastKnownFileType = text.json; path = example4.json; sourceTree = "<group>"; };
		609711D92ADFA5E800827F02 /* Event.swift */ = {isa = PBXFileReference; lastKnownFileType = sourcecode.swift; path = Event.swift; sourceTree = "<group>"; };
		609711DB2ADFA7F100827F02 /* EventView.swift */ = {isa = PBXFileReference; lastKnownFileType = sourcecode.swift; path = EventView.swift; sourceTree = "<group>"; };
		609711DD2ADFE40900827F02 /* FlatColors.json */ = {isa = PBXFileReference; fileEncoding = 4; lastKnownFileType = text.json; path = FlatColors.json; sourceTree = "<group>"; };
		609711DF2ADFE88D00827F02 /* ColorPalette.swift */ = {isa = PBXFileReference; lastKnownFileType = sourcecode.swift; path = ColorPalette.swift; sourceTree = "<group>"; };
		609711E12ADFF8AC00827F02 /* ColorPaletteView.swift */ = {isa = PBXFileReference; lastKnownFileType = sourcecode.swift; path = ColorPaletteView.swift; sourceTree = "<group>"; };
		609711E32AE04F0700827F02 /* Books.json */ = {isa = PBXFileReference; fileEncoding = 4; lastKnownFileType = text.json; path = Books.json; sourceTree = "<group>"; };
		609711E52AE0506D00827F02 /* Book.swift */ = {isa = PBXFileReference; lastKnownFileType = sourcecode.swift; path = Book.swift; sourceTree = "<group>"; };
		60D7162F2ADE65B100D8D0D2 /* Person.swift */ = {isa = PBXFileReference; lastKnownFileType = sourcecode.swift; path = Person.swift; sourceTree = "<group>"; };
		60D716352ADEA79200D8D0D2 /* example1.json */ = {isa = PBXFileReference; fileEncoding = 4; lastKnownFileType = text.json; path = example1.json; sourceTree = "<group>"; };
		60D716372ADEF34900D8D0D2 /* example2.json */ = {isa = PBXFileReference; fileEncoding = 4; lastKnownFileType = text.json; path = example2.json; sourceTree = "<group>"; };
		60D716392ADEF5E100D8D0D2 /* example3.json */ = {isa = PBXFileReference; fileEncoding = 4; lastKnownFileType = text.json; path = example3.json; sourceTree = "<group>"; };
		60D7163B2ADEF62500D8D0D2 /* Family.swift */ = {isa = PBXFileReference; lastKnownFileType = sourcecode.swift; path = Family.swift; sourceTree = "<group>"; };
/* End PBXFileReference section */

/* Begin PBXFrameworksBuildPhase section */
		6008907E2ADD938200914826 /* Frameworks */ = {
			isa = PBXFrameworksBuildPhase;
			buildActionMask = 2147483647;
			files = (
			);
			runOnlyForDeploymentPostprocessing = 0;
		};
/* End PBXFrameworksBuildPhase section */

/* Begin PBXGroup section */
		600890782ADD938200914826 = {
			isa = PBXGroup;
			children = (
				600890832ADD938200914826 /* JSONParsing */,
				600890822ADD938200914826 /* Products */,
			);
			sourceTree = "<group>";
		};
		600890822ADD938200914826 /* Products */ = {
			isa = PBXGroup;
			children = (
				600890812ADD938200914826 /* JSONParsing.app */,
			);
			name = Products;
			sourceTree = "<group>";
		};
		600890832ADD938200914826 /* JSONParsing */ = {
			isa = PBXGroup;
			children = (
				60D716312ADE9A8300D8D0D2 /* Resources */,
				60D7162E2ADE657000D8D0D2 /* Model */,
				600890842ADD938200914826 /* JSONParsingApp.swift */,
				600890862ADD938200914826 /* ContentView.swift */,
				609711DB2ADFA7F100827F02 /* EventView.swift */,
				609711E12ADFF8AC00827F02 /* ColorPaletteView.swift */,
				600890882ADD938500914826 /* Assets.xcassets */,
				6008908A2ADD938500914826 /* Preview Content */,
			);
			path = JSONParsing;
			sourceTree = "<group>";
		};
		6008908A2ADD938500914826 /* Preview Content */ = {
			isa = PBXGroup;
			children = (
				6008908B2ADD938500914826 /* Preview Assets.xcassets */,
			);
			path = "Preview Content";
			sourceTree = "<group>";
		};
		60D7162E2ADE657000D8D0D2 /* Model */ = {
			isa = PBXGroup;
			children = (
				60D7162F2ADE65B100D8D0D2 /* Person.swift */,
				60D7163B2ADEF62500D8D0D2 /* Family.swift */,
				609711D92ADFA5E800827F02 /* Event.swift */,
				609711DF2ADFE88D00827F02 /* ColorPalette.swift */,
				609711E52AE0506D00827F02 /* Book.swift */,
			);
			path = Model;
			sourceTree = "<group>";
		};
		60D716312ADE9A8300D8D0D2 /* Resources */ = {
			isa = PBXGroup;
			children = (
				60D716322ADE9A9300D8D0D2 /* JSONData */,
			);
			path = Resources;
			sourceTree = "<group>";
		};
		60D716322ADE9A9300D8D0D2 /* JSONData */ = {
			isa = PBXGroup;
			children = (
				60D716352ADEA79200D8D0D2 /* example1.json */,
				60D716372ADEF34900D8D0D2 /* example2.json */,
				60D716392ADEF5E100D8D0D2 /* example3.json */,
				609711D72ADFA41B00827F02 /* example4.json */,
				609711DD2ADFE40900827F02 /* FlatColors.json */,
				609711E32AE04F0700827F02 /* Books.json */,
			);
			path = JSONData;
			sourceTree = "<group>";
		};
/* End PBXGroup section */

/* Begin PBXNativeTarget section */
		600890802ADD938200914826 /* JSONParsing */ = {
			isa = PBXNativeTarget;
			buildConfigurationList = 6008908F2ADD938500914826 /* Build configuration list for PBXNativeTarget "JSONParsing" */;
			buildPhases = (
				6008907D2ADD938200914826 /* Sources */,
				6008907E2ADD938200914826 /* Frameworks */,
				6008907F2ADD938200914826 /* Resources */,
			);
			buildRules = (
			);
			dependencies = (
			);
			name = JSONParsing;
			productName = JSONParsing;
			productReference = 600890812ADD938200914826 /* JSONParsing.app */;
			productType = "com.apple.product-type.application";
		};
/* End PBXNativeTarget section */

/* Begin PBXProject section */
		600890792ADD938200914826 /* Project object */ = {
			isa = PBXProject;
			attributes = {
				BuildIndependentTargetsInParallel = 1;
				LastSwiftUpdateCheck = 1500;
				LastUpgradeCheck = 1500;
				TargetAttributes = {
					600890802ADD938200914826 = {
						CreatedOnToolsVersion = 15.0;
					};
				};
			};
			buildConfigurationList = 6008907C2ADD938200914826 /* Build configuration list for PBXProject "JSONParsing" */;
			compatibilityVersion = "Xcode 14.0";
			developmentRegion = en;
			hasScannedForEncodings = 0;
			knownRegions = (
				en,
				Base,
			);
			mainGroup = 600890782ADD938200914826;
			productRefGroup = 600890822ADD938200914826 /* Products */;
			projectDirPath = "";
			projectRoot = "";
			targets = (
				600890802ADD938200914826 /* JSONParsing */,
			);
		};
/* End PBXProject section */

/* Begin PBXResourcesBuildPhase section */
		6008907F2ADD938200914826 /* Resources */ = {
			isa = PBXResourcesBuildPhase;
			buildActionMask = 2147483647;
			files = (
				609711E42AE04F0700827F02 /* Books.json in Resources */,
				60D716362ADEA79200D8D0D2 /* example1.json in Resources */,
				6008908C2ADD938500914826 /* Preview Assets.xcassets in Resources */,
				609711DE2ADFE40900827F02 /* FlatColors.json in Resources */,
				60D7163A2ADEF5E100D8D0D2 /* example3.json in Resources */,
				609711D82ADFA41B00827F02 /* example4.json in Resources */,
				600890892ADD938500914826 /* Assets.xcassets in Resources */,
				60D716382ADEF34900D8D0D2 /* example2.json in Resources */,
			);
			runOnlyForDeploymentPostprocessing = 0;
		};
/* End PBXResourcesBuildPhase section */

/* Begin PBXSourcesBuildPhase section */
		6008907D2ADD938200914826 /* Sources */ = {
			isa = PBXSourcesBuildPhase;
			buildActionMask = 2147483647;
			files = (
				609711E02ADFE88D00827F02 /* ColorPalette.swift in Sources */,
				60D716302ADE65B100D8D0D2 /* Person.swift in Sources */,
				609711E22ADFF8AC00827F02 /* ColorPaletteView.swift in Sources */,
				60D7163C2ADEF62500D8D0D2 /* Family.swift in Sources */,
				600890872ADD938200914826 /* ContentView.swift in Sources */,
				609711E62AE0506D00827F02 /* Book.swift in Sources */,
				609711DC2ADFA7F100827F02 /* EventView.swift in Sources */,
				600890852ADD938200914826 /* JSONParsingApp.swift in Sources */,
				609711DA2ADFA5E800827F02 /* Event.swift in Sources */,
			);
			runOnlyForDeploymentPostprocessing = 0;
		};
/* End PBXSourcesBuildPhase section */

/* Begin XCBuildConfiguration section */
		6008908D2ADD938500914826 /* Debug */ = {
			isa = XCBuildConfiguration;
			buildSettings = {
				ALWAYS_SEARCH_USER_PATHS = NO;
				ASSETCATALOG_COMPILER_GENERATE_SWIFT_ASSET_SYMBOL_EXTENSIONS = YES;
				CLANG_ANALYZER_NONNULL = YES;
				CLANG_ANALYZER_NUMBER_OBJECT_CONVERSION = YES_AGGRESSIVE;
				CLANG_CXX_LANGUAGE_STANDARD = "gnu++20";
				CLANG_ENABLE_MODULES = YES;
				CLANG_ENABLE_OBJC_ARC = YES;
				CLANG_ENABLE_OBJC_WEAK = YES;
				CLANG_WARN_BLOCK_CAPTURE_AUTORELEASING = YES;
				CLANG_WARN_BOOL_CONVERSION = YES;
				CLANG_WARN_COMMA = YES;
				CLANG_WARN_CONSTANT_CONVERSION = YES;
				CLANG_WARN_DEPRECATED_OBJC_IMPLEMENTATIONS = YES;
				CLANG_WARN_DIRECT_OBJC_ISA_USAGE = YES_ERROR;
				CLANG_WARN_DOCUMENTATION_COMMENTS = YES;
				CLANG_WARN_EMPTY_BODY = YES;
				CLANG_WARN_ENUM_CONVERSION = YES;
				CLANG_WARN_INFINITE_RECURSION = YES;
				CLANG_WARN_INT_CONVERSION = YES;
				CLANG_WARN_NON_LITERAL_NULL_CONVERSION = YES;
				CLANG_WARN_OBJC_IMPLICIT_RETAIN_SELF = YES;
				CLANG_WARN_OBJC_LITERAL_CONVERSION = YES;
				CLANG_WARN_OBJC_ROOT_CLASS = YES_ERROR;
				CLANG_WARN_QUOTED_INCLUDE_IN_FRAMEWORK_HEADER = YES;
				CLANG_WARN_RANGE_LOOP_ANALYSIS = YES;
				CLANG_WARN_STRICT_PROTOTYPES = YES;
				CLANG_WARN_SUSPICIOUS_MOVE = YES;
				CLANG_WARN_UNGUARDED_AVAILABILITY = YES_AGGRESSIVE;
				CLANG_WARN_UNREACHABLE_CODE = YES;
				CLANG_WARN__DUPLICATE_METHOD_MATCH = YES;
				COPY_PHASE_STRIP = NO;
				DEBUG_INFORMATION_FORMAT = dwarf;
				ENABLE_STRICT_OBJC_MSGSEND = YES;
				ENABLE_TESTABILITY = YES;
				ENABLE_USER_SCRIPT_SANDBOXING = YES;
				GCC_C_LANGUAGE_STANDARD = gnu17;
				GCC_DYNAMIC_NO_PIC = NO;
				GCC_NO_COMMON_BLOCKS = YES;
				GCC_OPTIMIZATION_LEVEL = 0;
				GCC_PREPROCESSOR_DEFINITIONS = (
					"DEBUG=1",
					"$(inherited)",
				);
				GCC_WARN_64_TO_32_BIT_CONVERSION = YES;
				GCC_WARN_ABOUT_RETURN_TYPE = YES_ERROR;
				GCC_WARN_UNDECLARED_SELECTOR = YES;
				GCC_WARN_UNINITIALIZED_AUTOS = YES_AGGRESSIVE;
				GCC_WARN_UNUSED_FUNCTION = YES;
				GCC_WARN_UNUSED_VARIABLE = YES;
				IPHONEOS_DEPLOYMENT_TARGET = 17.0;
				LOCALIZATION_PREFERS_STRING_CATALOGS = YES;
				MTL_ENABLE_DEBUG_INFO = INCLUDE_SOURCE;
				MTL_FAST_MATH = YES;
				ONLY_ACTIVE_ARCH = YES;
				SDKROOT = iphoneos;
				SWIFT_ACTIVE_COMPILATION_CONDITIONS = "DEBUG $(inherited)";
				SWIFT_OPTIMIZATION_LEVEL = "-Onone";
			};
			name = Debug;
		};
		6008908E2ADD938500914826 /* Release */ = {
			isa = XCBuildConfiguration;
			buildSettings = {
				ALWAYS_SEARCH_USER_PATHS = NO;
				ASSETCATALOG_COMPILER_GENERATE_SWIFT_ASSET_SYMBOL_EXTENSIONS = YES;
				CLANG_ANALYZER_NONNULL = YES;
				CLANG_ANALYZER_NUMBER_OBJECT_CONVERSION = YES_AGGRESSIVE;
				CLANG_CXX_LANGUAGE_STANDARD = "gnu++20";
				CLANG_ENABLE_MODULES = YES;
				CLANG_ENABLE_OBJC_ARC = YES;
				CLANG_ENABLE_OBJC_WEAK = YES;
				CLANG_WARN_BLOCK_CAPTURE_AUTORELEASING = YES;
				CLANG_WARN_BOOL_CONVERSION = YES;
				CLANG_WARN_COMMA = YES;
				CLANG_WARN_CONSTANT_CONVERSION = YES;
				CLANG_WARN_DEPRECATED_OBJC_IMPLEMENTATIONS = YES;
				CLANG_WARN_DIRECT_OBJC_ISA_USAGE = YES_ERROR;
				CLANG_WARN_DOCUMENTATION_COMMENTS = YES;
				CLANG_WARN_EMPTY_BODY = YES;
				CLANG_WARN_ENUM_CONVERSION = YES;
				CLANG_WARN_INFINITE_RECURSION = YES;
				CLANG_WARN_INT_CONVERSION = YES;
				CLANG_WARN_NON_LITERAL_NULL_CONVERSION = YES;
				CLANG_WARN_OBJC_IMPLICIT_RETAIN_SELF = YES;
				CLANG_WARN_OBJC_LITERAL_CONVERSION = YES;
				CLANG_WARN_OBJC_ROOT_CLASS = YES_ERROR;
				CLANG_WARN_QUOTED_INCLUDE_IN_FRAMEWORK_HEADER = YES;
				CLANG_WARN_RANGE_LOOP_ANALYSIS = YES;
				CLANG_WARN_STRICT_PROTOTYPES = YES;
				CLANG_WARN_SUSPICIOUS_MOVE = YES;
				CLANG_WARN_UNGUARDED_AVAILABILITY = YES_AGGRESSIVE;
				CLANG_WARN_UNREACHABLE_CODE = YES;
				CLANG_WARN__DUPLICATE_METHOD_MATCH = YES;
				COPY_PHASE_STRIP = NO;
				DEBUG_INFORMATION_FORMAT = "dwarf-with-dsym";
				ENABLE_NS_ASSERTIONS = NO;
				ENABLE_STRICT_OBJC_MSGSEND = YES;
				ENABLE_USER_SCRIPT_SANDBOXING = YES;
				GCC_C_LANGUAGE_STANDARD = gnu17;
				GCC_NO_COMMON_BLOCKS = YES;
				GCC_WARN_64_TO_32_BIT_CONVERSION = YES;
				GCC_WARN_ABOUT_RETURN_TYPE = YES_ERROR;
				GCC_WARN_UNDECLARED_SELECTOR = YES;
				GCC_WARN_UNINITIALIZED_AUTOS = YES_AGGRESSIVE;
				GCC_WARN_UNUSED_FUNCTION = YES;
				GCC_WARN_UNUSED_VARIABLE = YES;
				IPHONEOS_DEPLOYMENT_TARGET = 17.0;
				LOCALIZATION_PREFERS_STRING_CATALOGS = YES;
				MTL_ENABLE_DEBUG_INFO = NO;
				MTL_FAST_MATH = YES;
				SDKROOT = iphoneos;
				SWIFT_COMPILATION_MODE = wholemodule;
				VALIDATE_PRODUCT = YES;
			};
			name = Release;
		};
		600890902ADD938500914826 /* Debug */ = {
			isa = XCBuildConfiguration;
			buildSettings = {
				ASSETCATALOG_COMPILER_APPICON_NAME = AppIcon;
				ASSETCATALOG_COMPILER_GLOBAL_ACCENT_COLOR_NAME = AccentColor;
				CODE_SIGN_STYLE = Automatic;
				CURRENT_PROJECT_VERSION = 1;
				DEVELOPMENT_ASSET_PATHS = "\"JSONParsing/Preview Content\"";
				DEVELOPMENT_TEAM = UTHCCU7C7S;
				ENABLE_PREVIEWS = YES;
				GENERATE_INFOPLIST_FILE = YES;
				INFOPLIST_KEY_UIApplicationSceneManifest_Generation = YES;
				INFOPLIST_KEY_UIApplicationSupportsIndirectInputEvents = YES;
				INFOPLIST_KEY_UILaunchScreen_Generation = YES;
				INFOPLIST_KEY_UISupportedInterfaceOrientations_iPad = "UIInterfaceOrientationPortrait UIInterfaceOrientationPortraitUpsideDown UIInterfaceOrientationLandscapeLeft UIInterfaceOrientationLandscapeRight";
				INFOPLIST_KEY_UISupportedInterfaceOrientations_iPhone = "UIInterfaceOrientationPortrait UIInterfaceOrientationLandscapeLeft UIInterfaceOrientationLandscapeRight";
				LD_RUNPATH_SEARCH_PATHS = (
					"$(inherited)",
					"@executable_path/Frameworks",
				);
				MARKETING_VERSION = 1.0;
				PRODUCT_BUNDLE_IDENTIFIER = com.mycompany.JSONParsing;
				PRODUCT_NAME = "$(TARGET_NAME)";
				SWIFT_EMIT_LOC_STRINGS = YES;
				SWIFT_VERSION = 5.0;
				TARGETED_DEVICE_FAMILY = "1,2";
			};
			name = Debug;
		};
		600890912ADD938500914826 /* Release */ = {
			isa = XCBuildConfiguration;
			buildSettings = {
				ASSETCATALOG_COMPILER_APPICON_NAME = AppIcon;
				ASSETCATALOG_COMPILER_GLOBAL_ACCENT_COLOR_NAME = AccentColor;
				CODE_SIGN_STYLE = Automatic;
				CURRENT_PROJECT_VERSION = 1;
				DEVELOPMENT_ASSET_PATHS = "\"JSONParsing/Preview Content\"";
				DEVELOPMENT_TEAM = UTHCCU7C7S;
				ENABLE_PREVIEWS = YES;
				GENERATE_INFOPLIST_FILE = YES;
				INFOPLIST_KEY_UIApplicationSceneManifest_Generation = YES;
				INFOPLIST_KEY_UIApplicationSupportsIndirectInputEvents = YES;
				INFOPLIST_KEY_UILaunchScreen_Generation = YES;
				INFOPLIST_KEY_UISupportedInterfaceOrientations_iPad = "UIInterfaceOrientationPortrait UIInterfaceOrientationPortraitUpsideDown UIInterfaceOrientationLandscapeLeft UIInterfaceOrientationLandscapeRight";
				INFOPLIST_KEY_UISupportedInterfaceOrientations_iPhone = "UIInterfaceOrientationPortrait UIInterfaceOrientationLandscapeLeft UIInterfaceOrientationLandscapeRight";
				LD_RUNPATH_SEARCH_PATHS = (
					"$(inherited)",
					"@executable_path/Frameworks",
				);
				MARKETING_VERSION = 1.0;
				PRODUCT_BUNDLE_IDENTIFIER = com.mycompany.JSONParsing;
				PRODUCT_NAME = "$(TARGET_NAME)";
				SWIFT_EMIT_LOC_STRINGS = YES;
				SWIFT_VERSION = 5.0;
				TARGETED_DEVICE_FAMILY = "1,2";
			};
			name = Release;
		};
/* End XCBuildConfiguration section */

/* Begin XCConfigurationList section */
		6008907C2ADD938200914826 /* Build configuration list for PBXProject "JSONParsing" */ = {
			isa = XCConfigurationList;
			buildConfigurations = (
				6008908D2ADD938500914826 /* Debug */,
				6008908E2ADD938500914826 /* Release */,
			);
			defaultConfigurationIsVisible = 0;
			defaultConfigurationName = Release;
		};
		6008908F2ADD938500914826 /* Build configuration list for PBXNativeTarget "JSONParsing" */ = {
			isa = XCConfigurationList;
			buildConfigurations = (
				600890902ADD938500914826 /* Debug */,
				600890912ADD938500914826 /* Release */,
			);
			defaultConfigurationIsVisible = 0;
			defaultConfigurationName = Release;
		};
/* End XCConfigurationList section */
	};
	rootObject = 600890792ADD938200914826 /* Project object */;
}
